
Microsoft Visual Studio Solution File, Format Version 12.00
# Visual Studio 2012
Project("{FAE04EC0-301F-11D3-BF4B-00C04F79EFBC}") = "MockCMS", "MockCMS\MockCMS.csproj", "{89A2DACD-8924-4CE8-BE92-5AA67BA729D4}"
EndProject
Project("{FAE04EC0-301F-11D3-BF4B-00C04F79EFBC}") = "MockCMS.Tests", "MockCMS.Tests\MockCMS.Tests.csproj", "{EA1E0589-1C02-4CB2-AB81-AAABCC1C042F}"
EndProject
Global
	GlobalSection(SolutionConfigurationPlatforms) = preSolution
		Debug|Any CPU = Debug|Any CPU
		Release|Any CPU = Release|Any CPU
	EndGlobalSection
	GlobalSection(ProjectConfigurationPlatforms) = postSolution
		{89A2DACD-8924-4CE8-BE92-5AA67BA729D4}.Debug|Any CPU.ActiveCfg = Debug|Any CPU
		{89A2DACD-8924-4CE8-BE92-5AA67BA729D4}.Debug|Any CPU.Build.0 = Debug|Any CPU
		{89A2DACD-8924-4CE8-BE92-5AA67BA729D4}.Release|Any CPU.ActiveCfg = Release|Any CPU
		{89A2DACD-8924-4CE8-BE92-5AA67BA729D4}.Release|Any CPU.Build.0 = Release|Any CPU
		{EA1E0589-1C02-4CB2-AB81-AAABCC1C042F}.Debug|Any CPU.ActiveCfg = Debug|Any CPU
		{EA1E0589-1C02-4CB2-AB81-AAABCC1C042F}.Debug|Any CPU.Build.0 = Debug|Any CPU
		{EA1E0589-1C02-4CB2-AB81-AAABCC1C042F}.Release|Any CPU.ActiveCfg = Release|Any CPU
		{EA1E0589-1C02-4CB2-AB81-AAABCC1C042F}.Release|Any CPU.Build.0 = Release|Any CPU
	EndGlobalSection
	GlobalSection(SolutionProperties) = preSolution
		HideSolutionNode = FALSE
	EndGlobalSection
EndGlobal
